{
  "name": "SpotiVibes",
  "lockfileVersion": 2,
  "requires": true,
  "packages": {
    "": {
      "dependencies": {
        "@radix-ui/react-collapsible": "^1.0.2",
        "@radix-ui/react-scroll-area": "^1.0.3",
        "react-router-dom": "^6.11.1"
      }
    },
    "node_modules/@babel/runtime": {
      "version": "7.21.5",
      "resolved": "https://registry.npmjs.org/@babel/runtime/-/runtime-7.21.5.tgz",
      "integrity": "sha512-8jI69toZqqcsnqGGqwGS4Qb1VwLOEp4hz+CXPywcvjs60u3B4Pom/U/7rm4W8tMOYEB+E9wgD0mW1l3r8qlI9Q==",
      "dependencies": {
        "regenerator-runtime": "^0.13.11"
      },
      "engines": {
        "node": ">=6.9.0"
      }
    },
    "node_modules/@radix-ui/number": {
      "version": "1.0.0",
      "resolved": "https://registry.npmjs.org/@radix-ui/number/-/number-1.0.0.tgz",
      "integrity": "sha512-Ofwh/1HX69ZfJRiRBMTy7rgjAzHmwe4kW9C9Y99HTRUcYLUuVT0KESFj15rPjRgKJs20GPq8Bm5aEDJ8DuA3vA==",
      "dependencies": {
        "@babel/runtime": "^7.13.10"
      }
    },
    "node_modules/@radix-ui/primitive": {
      "version": "1.0.0",
      "resolved": "https://registry.npmjs.org/@radix-ui/primitive/-/primitive-1.0.0.tgz",
      "integrity": "sha512-3e7rn8FDMin4CgeL7Z/49smCA3rFYY3Ha2rUQ7HRWFadS5iCRw08ZgVT1LaNTCNqgvrUiyczLflrVrF0SRQtNA==",
      "dependencies": {
        "@babel/runtime": "^7.13.10"
      }
    },
    "node_modules/@radix-ui/react-collapsible": {
      "version": "1.0.2",
      "resolved": "https://registry.npmjs.org/@radix-ui/react-collapsible/-/react-collapsible-1.0.2.tgz",
      "integrity": "sha512-QNiDT6Au8jUU0K1WV+HEd4loH7C5CKQjeXxskwqyiyAkyCmW7qlQM5vSSJCIoQC+OVPyhgafSmGudRP8Qm1/gA==",
      "dependencies": {
        "@babel/runtime": "^7.13.10",
        "@radix-ui/primitive": "1.0.0",
        "@radix-ui/react-compose-refs": "1.0.0",
        "@radix-ui/react-context": "1.0.0",
        "@radix-ui/react-id": "1.0.0",
        "@radix-ui/react-presence": "1.0.0",
        "@radix-ui/react-primitive": "1.0.2",
        "@radix-ui/react-use-controllable-state": "1.0.0",
        "@radix-ui/react-use-layout-effect": "1.0.0"
      },
      "peerDependencies": {
        "react": "^16.8 || ^17.0 || ^18.0",
        "react-dom": "^16.8 || ^17.0 || ^18.0"
      }
    },
    "node_modules/@radix-ui/react-compose-refs": {
      "version": "1.0.0",
      "resolved": "https://registry.npmjs.org/@radix-ui/react-compose-refs/-/react-compose-refs-1.0.0.tgz",
      "integrity": "sha512-0KaSv6sx787/hK3eF53iOkiSLwAGlFMx5lotrqD2pTjB18KbybKoEIgkNZTKC60YECDQTKGTRcDBILwZVqVKvA==",
      "dependencies": {
        "@babel/runtime": "^7.13.10"
      },
      "peerDependencies": {
        "react": "^16.8 || ^17.0 || ^18.0"
      }
    },
    "node_modules/@radix-ui/react-context": {
      "version": "1.0.0",
      "resolved": "https://registry.npmjs.org/@radix-ui/react-context/-/react-context-1.0.0.tgz",
      "integrity": "sha512-1pVM9RfOQ+n/N5PJK33kRSKsr1glNxomxONs5c49MliinBY6Yw2Q995qfBUUo0/Mbg05B/sGA0gkgPI7kmSHBg==",
      "dependencies": {
        "@babel/runtime": "^7.13.10"
      },
      "peerDependencies": {
        "react": "^16.8 || ^17.0 || ^18.0"
      }
    },
    "node_modules/@radix-ui/react-direction": {
      "version": "1.0.0",
      "resolved": "https://registry.npmjs.org/@radix-ui/react-direction/-/react-direction-1.0.0.tgz",
      "integrity": "sha512-2HV05lGUgYcA6xgLQ4BKPDmtL+QbIZYH5fCOTAOOcJ5O0QbWS3i9lKaurLzliYUDhORI2Qr3pyjhJh44lKA3rQ==",
      "dependencies": {
        "@babel/runtime": "^7.13.10"
      },
      "peerDependencies": {
        "react": "^16.8 || ^17.0 || ^18.0"
      }
    },
    "node_modules/@radix-ui/react-id": {
      "version": "1.0.0",
      "resolved": "https://registry.npmjs.org/@radix-ui/react-id/-/react-id-1.0.0.tgz",
      "integrity": "sha512-Q6iAB/U7Tq3NTolBBQbHTgclPmGWE3OlktGGqrClPozSw4vkQ1DfQAOtzgRPecKsMdJINE05iaoDUG8tRzCBjw==",
      "dependencies": {
        "@babel/runtime": "^7.13.10",
        "@radix-ui/react-use-layout-effect": "1.0.0"
      },
      "peerDependencies": {
        "react": "^16.8 || ^17.0 || ^18.0"
      }
    },
    "node_modules/@radix-ui/react-presence": {
      "version": "1.0.0",
      "resolved": "https://registry.npmjs.org/@radix-ui/react-presence/-/react-presence-1.0.0.tgz",
      "integrity": "sha512-A+6XEvN01NfVWiKu38ybawfHsBjWum42MRPnEuqPsBZ4eV7e/7K321B5VgYMPv3Xx5An6o1/l9ZuDBgmcmWK3w==",
      "dependencies": {
        "@babel/runtime": "^7.13.10",
        "@radix-ui/react-compose-refs": "1.0.0",
        "@radix-ui/react-use-layout-effect": "1.0.0"
      },
      "peerDependencies": {
        "react": "^16.8 || ^17.0 || ^18.0",
        "react-dom": "^16.8 || ^17.0 || ^18.0"
      }
    },
    "node_modules/@radix-ui/react-primitive": {
      "version": "1.0.2",
      "resolved": "https://registry.npmjs.org/@radix-ui/react-primitive/-/react-primitive-1.0.2.tgz",
      "integrity": "sha512-zY6G5Qq4R8diFPNwtyoLRZBxzu1Z+SXMlfYpChN7Dv8gvmx9X3qhDqiLWvKseKVJMuedFeU/Sa0Sy/Ia+t06Dw==",
      "dependencies": {
        "@babel/runtime": "^7.13.10",
        "@radix-ui/react-slot": "1.0.1"
      },
      "peerDependencies": {
        "react": "^16.8 || ^17.0 || ^18.0",
        "react-dom": "^16.8 || ^17.0 || ^18.0"
      }
    },
    "node_modules/@radix-ui/react-scroll-area": {
      "version": "1.0.3",
      "resolved": "https://registry.npmjs.org/@radix-ui/react-scroll-area/-/react-scroll-area-1.0.3.tgz",
      "integrity": "sha512-sBX9j8Q+0/jReNObEAveKIGXJtk3xUoSIx4cMKygGtO128QJyVDn01XNOFsyvihKDCTcu7SINzQ2jPAZEhIQtw==",
      "dependencies": {
        "@babel/runtime": "^7.13.10",
        "@radix-ui/number": "1.0.0",
        "@radix-ui/primitive": "1.0.0",
        "@radix-ui/react-compose-refs": "1.0.0",
        "@radix-ui/react-context": "1.0.0",
        "@radix-ui/react-direction": "1.0.0",
        "@radix-ui/react-presence": "1.0.0",
        "@radix-ui/react-primitive": "1.0.2",
        "@radix-ui/react-use-callback-ref": "1.0.0",
        "@radix-ui/react-use-layout-effect": "1.0.0"
      },
      "peerDependencies": {
        "react": "^16.8 || ^17.0 || ^18.0",
        "react-dom": "^16.8 || ^17.0 || ^18.0"
      }
    },
    "node_modules/@radix-ui/react-slot": {
      "version": "1.0.1",
      "resolved": "https://registry.npmjs.org/@radix-ui/react-slot/-/react-slot-1.0.1.tgz",
      "integrity": "sha512-avutXAFL1ehGvAXtPquu0YK5oz6ctS474iM3vNGQIkswrVhdrS52e3uoMQBzZhNRAIE0jBnUyXWNmSjGHhCFcw==",
      "dependencies": {
        "@babel/runtime": "^7.13.10",
        "@radix-ui/react-compose-refs": "1.0.0"
      },
      "peerDependencies": {
        "react": "^16.8 || ^17.0 || ^18.0"
      }
    },
    "node_modules/@radix-ui/react-use-callback-ref": {
      "version": "1.0.0",
      "resolved": "https://registry.npmjs.org/@radix-ui/react-use-callback-ref/-/react-use-callback-ref-1.0.0.tgz",
      "integrity": "sha512-GZtyzoHz95Rhs6S63D2t/eqvdFCm7I+yHMLVQheKM7nBD8mbZIt+ct1jz4536MDnaOGKIxynJ8eHTkVGVVkoTg==",
      "dependencies": {
        "@babel/runtime": "^7.13.10"
      },
      "peerDependencies": {
        "react": "^16.8 || ^17.0 || ^18.0"
      }
    },
    "node_modules/@radix-ui/react-use-controllable-state": {
      "version": "1.0.0",
      "resolved": "https://registry.npmjs.org/@radix-ui/react-use-controllable-state/-/react-use-controllable-state-1.0.0.tgz",
      "integrity": "sha512-FohDoZvk3mEXh9AWAVyRTYR4Sq7/gavuofglmiXB2g1aKyboUD4YtgWxKj8O5n+Uak52gXQ4wKz5IFST4vtJHg==",
      "dependencies": {
        "@babel/runtime": "^7.13.10",
        "@radix-ui/react-use-callback-ref": "1.0.0"
      },
      "peerDependencies": {
        "react": "^16.8 || ^17.0 || ^18.0"
      }
    },
    "node_modules/@radix-ui/react-use-layout-effect": {
      "version": "1.0.0",
      "resolved": "https://registry.npmjs.org/@radix-ui/react-use-layout-effect/-/react-use-layout-effect-1.0.0.tgz",
      "integrity": "sha512-6Tpkq+R6LOlmQb1R5NNETLG0B4YP0wc+klfXafpUCj6JGyaUc8il7/kUZ7m59rGbXGczE9Bs+iz2qloqsZBduQ==",
      "dependencies": {
        "@babel/runtime": "^7.13.10"
      },
      "peerDependencies": {
        "react": "^16.8 || ^17.0 || ^18.0"
      }
    },
    "node_modules/@remix-run/router": {
      "version": "1.6.1",
      "resolved": "https://registry.npmjs.org/@remix-run/router/-/router-1.6.1.tgz",
      "integrity": "sha512-YUkWj+xs0oOzBe74OgErsuR3wVn+efrFhXBWrit50kOiED+pvQe2r6MWY0iJMQU/mSVKxvNzL4ZaYvjdX+G7ZA==",
      "engines": {
        "node": ">=14"
      }
    },
    "node_modules/js-tokens": {
      "version": "4.0.0",
      "resolved": "https://registry.npmjs.org/js-tokens/-/js-tokens-4.0.0.tgz",
      "integrity": "sha512-RdJUflcE3cUzKiMqQgsCu06FPu9UdIJO0beYbPhHN4k6apgJtifcoCtT9bcxOpYBtpD2kCM6Sbzg4CausW/PKQ==",
      "peer": true
    },
    "node_modules/loose-envify": {
      "version": "1.4.0",
      "resolved": "https://registry.npmjs.org/loose-envify/-/loose-envify-1.4.0.tgz",
      "integrity": "sha512-lyuxPGr/Wfhrlem2CL/UcnUc1zcqKAImBDzukY7Y5F/yQiNdko6+fRLevlw1HgMySw7f611UIY408EtxRSoK3Q==",
      "peer": true,
      "dependencies": {
        "js-tokens": "^3.0.0 || ^4.0.0"
      },
      "bin": {
        "loose-envify": "cli.js"
      }
    },
    "node_modules/react": {
      "version": "18.2.0",
      "resolved": "https://registry.npmjs.org/react/-/react-18.2.0.tgz",
      "integrity": "sha512-/3IjMdb2L9QbBdWiW5e3P2/npwMBaU9mHCSCUzNln0ZCYbcfTsGbTJrU/kGemdH2IWmB2ioZ+zkxtmq6g09fGQ==",
      "peer": true,
      "dependencies": {
        "loose-envify": "^1.1.0"
      },
      "engines": {
        "node": ">=0.10.0"
      }
    },
    "node_modules/react-dom": {
      "version": "18.2.0",
      "resolved": "https://registry.npmjs.org/react-dom/-/react-dom-18.2.0.tgz",
      "integrity": "sha512-6IMTriUmvsjHUjNtEDudZfuDQUoWXVxKHhlEGSk81n4YFS+r/Kl99wXiwlVXtPBtJenozv2P+hxDsw9eA7Xo6g==",
      "peer": true,
      "dependencies": {
        "loose-envify": "^1.1.0",
        "scheduler": "^0.23.0"
      },
      "peerDependencies": {
        "react": "^18.2.0"
      }
    },
    "node_modules/react-router": {
      "version": "6.11.1",
      "resolved": "https://registry.npmjs.org/react-router/-/react-router-6.11.1.tgz",
      "integrity": "sha512-OZINSdjJ2WgvAi7hgNLazrEV8SGn6xrKA+MkJe9wVDMZ3zQ6fdJocUjpCUCI0cNrelWjcvon0S/QK/j0NzL3KA==",
      "dependencies": {
        "@remix-run/router": "1.6.1"
      },
      "engines": {
        "node": ">=14"
      },
      "peerDependencies": {
        "react": ">=16.8"
      }
    },
    "node_modules/react-router-dom": {
      "version": "6.11.1",
      "resolved": "https://registry.npmjs.org/react-router-dom/-/react-router-dom-6.11.1.tgz",
      "integrity": "sha512-dPC2MhoPeTQ1YUOt5uIK376SMNWbwUxYRWk2ZmTT4fZfwlOvabF8uduRKKJIyfkCZvMgiF0GSCQckmkGGijIrg==",
      "dependencies": {
        "@remix-run/router": "1.6.1",
        "react-router": "6.11.1"
      },
      "engines": {
        "node": ">=14"
      },
      "peerDependencies": {
        "react": ">=16.8",
        "react-dom": ">=16.8"
      }
    },
    "node_modules/regenerator-runtime": {
      "version": "0.13.11",
      "resolved": "https://registry.npmjs.org/regenerator-runtime/-/regenerator-runtime-0.13.11.tgz",
      "integrity": "sha512-kY1AZVr2Ra+t+piVaJ4gxaFaReZVH40AKNo7UCX6W+dEwBo/2oZJzqfuN1qLq1oL45o56cPaTXELwrTh8Fpggg=="
    },
    "node_modules/scheduler": {
      "version": "0.23.0",
      "resolved": "https://registry.npmjs.org/scheduler/-/scheduler-0.23.0.tgz",
      "integrity": "sha512-CtuThmgHNg7zIZWAXi3AsyIzA3n4xx7aNyjwC2VJldO2LMVDhFK+63xGqq6CsJH4rTAt6/M+N4GhZiDYPx9eUw==",
      "peer": true,
      "dependencies": {
        "loose-envify": "^1.1.0"
      }
    }
  },
  "dependencies": {
    "@babel/runtime": {
      "version": "7.21.5",
      "resolved": "https://registry.npmjs.org/@babel/runtime/-/runtime-7.21.5.tgz",
      "integrity": "sha512-8jI69toZqqcsnqGGqwGS4Qb1VwLOEp4hz+CXPywcvjs60u3B4Pom/U/7rm4W8tMOYEB+E9wgD0mW1l3r8qlI9Q==",
      "requires": {
        "regenerator-runtime": "^0.13.11"
      }
    },
    "@radix-ui/number": {
      "version": "1.0.0",
      "resolved": "https://registry.npmjs.org/@radix-ui/number/-/number-1.0.0.tgz",
      "integrity": "sha512-Ofwh/1HX69ZfJRiRBMTy7rgjAzHmwe4kW9C9Y99HTRUcYLUuVT0KESFj15rPjRgKJs20GPq8Bm5aEDJ8DuA3vA==",
      "requires": {
        "@babel/runtime": "^7.13.10"
      }
    },
    "@radix-ui/primitive": {
      "version": "1.0.0",
      "resolved": "https://registry.npmjs.org/@radix-ui/primitive/-/primitive-1.0.0.tgz",
      "integrity": "sha512-3e7rn8FDMin4CgeL7Z/49smCA3rFYY3Ha2rUQ7HRWFadS5iCRw08ZgVT1LaNTCNqgvrUiyczLflrVrF0SRQtNA==",
      "requires": {
        "@babel/runtime": "^7.13.10"
      }
    },
    "@radix-ui/react-collapsible": {
      "version": "1.0.2",
      "resolved": "https://registry.npmjs.org/@radix-ui/react-collapsible/-/react-collapsible-1.0.2.tgz",
      "integrity": "sha512-QNiDT6Au8jUU0K1WV+HEd4loH7C5CKQjeXxskwqyiyAkyCmW7qlQM5vSSJCIoQC+OVPyhgafSmGudRP8Qm1/gA==",
      "requires": {
        "@babel/runtime": "^7.13.10",
        "@radix-ui/primitive": "1.0.0",
        "@radix-ui/react-compose-refs": "1.0.0",
        "@radix-ui/react-context": "1.0.0",
        "@radix-ui/react-id": "1.0.0",
        "@radix-ui/react-presence": "1.0.0",
        "@radix-ui/react-primitive": "1.0.2",
        "@radix-ui/react-use-controllable-state": "1.0.0",
        "@radix-ui/react-use-layout-effect": "1.0.0"
      }
    },
    "@radix-ui/react-compose-refs": {
      "version": "1.0.0",
      "resolved": "https://registry.npmjs.org/@radix-ui/react-compose-refs/-/react-compose-refs-1.0.0.tgz",
      "integrity": "sha512-0KaSv6sx787/hK3eF53iOkiSLwAGlFMx5lotrqD2pTjB18KbybKoEIgkNZTKC60YECDQTKGTRcDBILwZVqVKvA==",
      "requires": {
        "@babel/runtime": "^7.13.10"
      }
    },
    "@radix-ui/react-context": {
      "version": "1.0.0",
      "resolved": "https://registry.npmjs.org/@radix-ui/react-context/-/react-context-1.0.0.tgz",
      "integrity": "sha512-1pVM9RfOQ+n/N5PJK33kRSKsr1glNxomxONs5c49MliinBY6Yw2Q995qfBUUo0/Mbg05B/sGA0gkgPI7kmSHBg==",
      "requires": {
        "@babel/runtime": "^7.13.10"
      }
    },
    "@radix-ui/react-direction": {
      "version": "1.0.0",
      "resolved": "https://registry.npmjs.org/@radix-ui/react-direction/-/react-direction-1.0.0.tgz",
      "integrity": "sha512-2HV05lGUgYcA6xgLQ4BKPDmtL+QbIZYH5fCOTAOOcJ5O0QbWS3i9lKaurLzliYUDhORI2Qr3pyjhJh44lKA3rQ==",
      "requires": {
        "@babel/runtime": "^7.13.10"
      }
    },
    "@radix-ui/react-id": {
      "version": "1.0.0",
      "resolved": "https://registry.npmjs.org/@radix-ui/react-id/-/react-id-1.0.0.tgz",
      "integrity": "sha512-Q6iAB/U7Tq3NTolBBQbHTgclPmGWE3OlktGGqrClPozSw4vkQ1DfQAOtzgRPecKsMdJINE05iaoDUG8tRzCBjw==",
      "requires": {
        "@babel/runtime": "^7.13.10",
        "@radix-ui/react-use-layout-effect": "1.0.0"
      }
    },
    "@radix-ui/react-presence": {
      "version": "1.0.0",
      "resolved": "https://registry.npmjs.org/@radix-ui/react-presence/-/react-presence-1.0.0.tgz",
      "integrity": "sha512-A+6XEvN01NfVWiKu38ybawfHsBjWum42MRPnEuqPsBZ4eV7e/7K321B5VgYMPv3Xx5An6o1/l9ZuDBgmcmWK3w==",
      "requires": {
        "@babel/runtime": "^7.13.10",
        "@radix-ui/react-compose-refs": "1.0.0",
        "@radix-ui/react-use-layout-effect": "1.0.0"
      }
    },
    "@radix-ui/react-primitive": {
      "version": "1.0.2",
      "resolved": "https://registry.npmjs.org/@radix-ui/react-primitive/-/react-primitive-1.0.2.tgz",
      "integrity": "sha512-zY6G5Qq4R8diFPNwtyoLRZBxzu1Z+SXMlfYpChN7Dv8gvmx9X3qhDqiLWvKseKVJMuedFeU/Sa0Sy/Ia+t06Dw==",
      "requires": {
        "@babel/runtime": "^7.13.10",
        "@radix-ui/react-slot": "1.0.1"
      }
    },
    "@radix-ui/react-scroll-area": {
      "version": "1.0.3",
      "resolved": "https://registry.npmjs.org/@radix-ui/react-scroll-area/-/react-scroll-area-1.0.3.tgz",
      "integrity": "sha512-sBX9j8Q+0/jReNObEAveKIGXJtk3xUoSIx4cMKygGtO128QJyVDn01XNOFsyvihKDCTcu7SINzQ2jPAZEhIQtw==",
      "requires": {
        "@babel/runtime": "^7.13.10",
        "@radix-ui/number": "1.0.0",
        "@radix-ui/primitive": "1.0.0",
        "@radix-ui/react-compose-refs": "1.0.0",
        "@radix-ui/react-context": "1.0.0",
        "@radix-ui/react-direction": "1.0.0",
        "@radix-ui/react-presence": "1.0.0",
        "@radix-ui/react-primitive": "1.0.2",
        "@radix-ui/react-use-callback-ref": "1.0.0",
        "@radix-ui/react-use-layout-effect": "1.0.0"
      }
    },
    "@radix-ui/react-slot": {
      "version": "1.0.1",
      "resolved": "https://registry.npmjs.org/@radix-ui/react-slot/-/react-slot-1.0.1.tgz",
      "integrity": "sha512-avutXAFL1ehGvAXtPquu0YK5oz6ctS474iM3vNGQIkswrVhdrS52e3uoMQBzZhNRAIE0jBnUyXWNmSjGHhCFcw==",
      "requires": {
        "@babel/runtime": "^7.13.10",
        "@radix-ui/react-compose-refs": "1.0.0"
      }
    },
    "@radix-ui/react-use-callback-ref": {
      "version": "1.0.0",
      "resolved": "https://registry.npmjs.org/@radix-ui/react-use-callback-ref/-/react-use-callback-ref-1.0.0.tgz",
      "integrity": "sha512-GZtyzoHz95Rhs6S63D2t/eqvdFCm7I+yHMLVQheKM7nBD8mbZIt+ct1jz4536MDnaOGKIxynJ8eHTkVGVVkoTg==",
      "requires": {
        "@babel/runtime": "^7.13.10"
      }
    },
    "@radix-ui/react-use-controllable-state": {
      "version": "1.0.0",
      "resolved": "https://registry.npmjs.org/@radix-ui/react-use-controllable-state/-/react-use-controllable-state-1.0.0.tgz",
      "integrity": "sha512-FohDoZvk3mEXh9AWAVyRTYR4Sq7/gavuofglmiXB2g1aKyboUD4YtgWxKj8O5n+Uak52gXQ4wKz5IFST4vtJHg==",
      "requires": {
        "@babel/runtime": "^7.13.10",
        "@radix-ui/react-use-callback-ref": "1.0.0"
      }
    },
    "@radix-ui/react-use-layout-effect": {
      "version": "1.0.0",
      "resolved": "https://registry.npmjs.org/@radix-ui/react-use-layout-effect/-/react-use-layout-effect-1.0.0.tgz",
      "integrity": "sha512-6Tpkq+R6LOlmQb1R5NNETLG0B4YP0wc+klfXafpUCj6JGyaUc8il7/kUZ7m59rGbXGczE9Bs+iz2qloqsZBduQ==",
      "requires": {
        "@babel/runtime": "^7.13.10"
      }
    },
    "@remix-run/router": {
      "version": "1.6.1",
      "resolved": "https://registry.npmjs.org/@remix-run/router/-/router-1.6.1.tgz",
      "integrity": "sha512-YUkWj+xs0oOzBe74OgErsuR3wVn+efrFhXBWrit50kOiED+pvQe2r6MWY0iJMQU/mSVKxvNzL4ZaYvjdX+G7ZA=="
    },
    "js-tokens": {
      "version": "4.0.0",
      "resolved": "https://registry.npmjs.org/js-tokens/-/js-tokens-4.0.0.tgz",
      "integrity": "sha512-RdJUflcE3cUzKiMqQgsCu06FPu9UdIJO0beYbPhHN4k6apgJtifcoCtT9bcxOpYBtpD2kCM6Sbzg4CausW/PKQ==",
      "peer": true
    },
    "loose-envify": {
      "version": "1.4.0",
      "resolved": "https://registry.npmjs.org/loose-envify/-/loose-envify-1.4.0.tgz",
      "integrity": "sha512-lyuxPGr/Wfhrlem2CL/UcnUc1zcqKAImBDzukY7Y5F/yQiNdko6+fRLevlw1HgMySw7f611UIY408EtxRSoK3Q==",
      "peer": true,
      "requires": {
        "js-tokens": "^3.0.0 || ^4.0.0"
      }
    },
    "react": {
      "version": "18.2.0",
      "resolved": "https://registry.npmjs.org/react/-/react-18.2.0.tgz",
      "integrity": "sha512-/3IjMdb2L9QbBdWiW5e3P2/npwMBaU9mHCSCUzNln0ZCYbcfTsGbTJrU/kGemdH2IWmB2ioZ+zkxtmq6g09fGQ==",
      "peer": true,
      "requires": {
        "loose-envify": "^1.1.0"
      }
    },
    "react-dom": {
      "version": "18.2.0",
      "resolved": "https://registry.npmjs.org/react-dom/-/react-dom-18.2.0.tgz",
      "integrity": "sha512-6IMTriUmvsjHUjNtEDudZfuDQUoWXVxKHhlEGSk81n4YFS+r/Kl99wXiwlVXtPBtJenozv2P+hxDsw9eA7Xo6g==",
      "peer": true,
      "requires": {
        "loose-envify": "^1.1.0",
        "scheduler": "^0.23.0"
      }
    },
    "react-router": {
      "version": "6.11.1",
      "resolved": "https://registry.npmjs.org/react-router/-/react-router-6.11.1.tgz",
      "integrity": "sha512-OZINSdjJ2WgvAi7hgNLazrEV8SGn6xrKA+MkJe9wVDMZ3zQ6fdJocUjpCUCI0cNrelWjcvon0S/QK/j0NzL3KA==",
      "requires": {
        "@remix-run/router": "1.6.1"
      }
    },
    "react-router-dom": {
      "version": "6.11.1",
      "resolved": "https://registry.npmjs.org/react-router-dom/-/react-router-dom-6.11.1.tgz",
      "integrity": "sha512-dPC2MhoPeTQ1YUOt5uIK376SMNWbwUxYRWk2ZmTT4fZfwlOvabF8uduRKKJIyfkCZvMgiF0GSCQckmkGGijIrg==",
      "requires": {
        "@remix-run/router": "1.6.1",
        "react-router": "6.11.1"
      }
    },
    "regenerator-runtime": {
      "version": "0.13.11",
      "resolved": "https://registry.npmjs.org/regenerator-runtime/-/regenerator-runtime-0.13.11.tgz",
      "integrity": "sha512-kY1AZVr2Ra+t+piVaJ4gxaFaReZVH40AKNo7UCX6W+dEwBo/2oZJzqfuN1qLq1oL45o56cPaTXELwrTh8Fpggg=="
    },
    "scheduler": {
      "version": "0.23.0",
      "resolved": "https://registry.npmjs.org/scheduler/-/scheduler-0.23.0.tgz",
      "integrity": "sha512-CtuThmgHNg7zIZWAXi3AsyIzA3n4xx7aNyjwC2VJldO2LMVDhFK+63xGqq6CsJH4rTAt6/M+N4GhZiDYPx9eUw==",
      "peer": true,
      "requires": {
        "loose-envify": "^1.1.0"
      }
    }
  }
}
